lockfileVersion: '9.0'

settings:
  autoInstallPeers: true
  excludeLinksFromLockfile: false

importers:

  .:
    devDependencies:
      '@stencil/core':
        specifier: 1.16.4
        version: 1.16.4

packages:

  '@stencil/core@1.16.4':
    resolution: {integrity: sha512-RN1xoGyzNCXAAzN8HHDDoGEbGrms1YpEnfp86kd37ZHOOwX500GwxjsTOpzFcBOfkUoiuBjKVnONTqWO04H8/Q==}
    engines: {node: '>=10.13.0', npm: '>=6.0.0'}
    hasBin: true

  typescript@3.9.7:
    resolution: {integrity: sha512-BLbiRkiBzAwsjut4x/dsibSTB6yWpwT5qWmC2OfuCg3GgVQCSgMs4vEctYPhsaGtd0AeuuHMkjZ2h2WG8MSzRw==}
    engines: {node: '>=4.2.0'}
    hasBin: true

snapshots:

  '@stencil/core@1.16.4':
    dependencies:
      typescript: 3.9.7

  typescript@3.9.7: {}
